
Microsoft Visual Studio Solution File, Format Version 12.00
# Visual Studio 15
VisualStudioVersion = 15.0.28307.168
MinimumVisualStudioVersion = 10.0.40219.1
Project("{FAE04EC0-301F-11D3-BF4B-00C04F79EFBC}") = "temp.Android", "temp\temp.Android\temp.Android.csproj", "{24CE3C36-16B9-426D-AA0C-5961ECF8D88C}"
EndProject
Project("{FAE04EC0-301F-11D3-BF4B-00C04F79EFBC}") = "temp.iOS", "temp\temp.iOS\temp.iOS.csproj", "{0ACD2FE5-5F6C-4572-B9D3-F4D8CABC8C98}"
EndProject
Project("{FAE04EC0-301F-11D3-BF4B-00C04F79EFBC}") = "temp.UWP", "temp\temp.UWP\temp.UWP.csproj", "{6BF8C8BA-3D31-472B-851A-B2F488620D66}"
EndProject
Project("{9A19103F-16F7-4668-BE54-9A1E7A4F7556}") = "temp", "temp\temp\temp.csproj", "{C4856D73-E94D-4613-9AA4-0E1A036A0DBB}"
EndProject
Project("{FAE04EC0-301F-11D3-BF4B-00C04F79EFBC}") = "XUnitTestProject1", "XUnitTestProject1\XUnitTestProject1.csproj", "{FDEF1B5B-EBC7-4F53-A7E7-7E649B4BF4EA}"
EndProject
Global
	GlobalSection(SolutionConfigurationPlatforms) = preSolution
		Debug|Any CPU = Debug|Any CPU
		Debug|ARM = Debug|ARM
		Debug|iPhone = Debug|iPhone
		Debug|iPhoneSimulator = Debug|iPhoneSimulator
		Debug|x64 = Debug|x64
		Debug|x86 = Debug|x86
		Release|Any CPU = Release|Any CPU
		Release|ARM = Release|ARM
		Release|iPhone = Release|iPhone
		Release|iPhoneSimulator = Release|iPhoneSimulator
		Release|x64 = Release|x64
		Release|x86 = Release|x86
	EndGlobalSection
	GlobalSection(ProjectConfigurationPlatforms) = postSolution
		{24CE3C36-16B9-426D-AA0C-5961ECF8D88C}.Debug|Any CPU.ActiveCfg = Debug|Any CPU
		{24CE3C36-16B9-426D-AA0C-5961ECF8D88C}.Debug|Any CPU.Build.0 = Debug|Any CPU
		{24CE3C36-16B9-426D-AA0C-5961ECF8D88C}.Debug|Any CPU.Deploy.0 = Debug|Any CPU
		{24CE3C36-16B9-426D-AA0C-5961ECF8D88C}.Debug|ARM.ActiveCfg = Debug|Any CPU
		{24CE3C36-16B9-426D-AA0C-5961ECF8D88C}.Debug|ARM.Build.0 = Debug|Any CPU
		{24CE3C36-16B9-426D-AA0C-5961ECF8D88C}.Debug|ARM.Deploy.0 = Debug|Any CPU
		{24CE3C36-16B9-426D-AA0C-5961ECF8D88C}.Debug|iPhone.ActiveCfg = Debug|Any CPU
		{24CE3C36-16B9-426D-AA0C-5961ECF8D88C}.Debug|iPhone.Build.0 = Debug|Any CPU
		{24CE3C36-16B9-426D-AA0C-5961ECF8D88C}.Debug|iPhone.Deploy.0 = Debug|Any CPU
		{24CE3C36-16B9-426D-AA0C-5961ECF8D88C}.Debug|iPhoneSimulator.ActiveCfg = Debug|Any CPU
		{24CE3C36-16B9-426D-AA0C-5961ECF8D88C}.Debug|iPhoneSimulator.Build.0 = Debug|Any CPU
		{24CE3C36-16B9-426D-AA0C-5961ECF8D88C}.Debug|iPhoneSimulator.Deploy.0 = Debug|Any CPU
		{24CE3C36-16B9-426D-AA0C-5961ECF8D88C}.Debug|x64.ActiveCfg = Debug|Any CPU
		{24CE3C36-16B9-426D-AA0C-5961ECF8D88C}.Debug|x64.Build.0 = Debug|Any CPU
		{24CE3C36-16B9-426D-AA0C-5961ECF8D88C}.Debug|x64.Deploy.0 = Debug|Any CPU
		{24CE3C36-16B9-426D-AA0C-5961ECF8D88C}.Debug|x86.ActiveCfg = Debug|Any CPU
		{24CE3C36-16B9-426D-AA0C-5961ECF8D88C}.Debug|x86.Build.0 = Debug|Any CPU
		{24CE3C36-16B9-426D-AA0C-5961ECF8D88C}.Debug|x86.Deploy.0 = Debug|Any CPU
		{24CE3C36-16B9-426D-AA0C-5961ECF8D88C}.Release|Any CPU.ActiveCfg = Release|Any CPU
		{24CE3C36-16B9-426D-AA0C-5961ECF8D88C}.Release|Any CPU.Build.0 = Release|Any CPU
		{24CE3C36-16B9-426D-AA0C-5961ECF8D88C}.Release|Any CPU.Deploy.0 = Release|Any CPU
		{24CE3C36-16B9-426D-AA0C-5961ECF8D88C}.Release|ARM.ActiveCfg = Release|Any CPU
		{24CE3C36-16B9-426D-AA0C-5961ECF8D88C}.Release|ARM.Build.0 = Release|Any CPU
		{24CE3C36-16B9-426D-AA0C-5961ECF8D88C}.Release|ARM.Deploy.0 = Release|Any CPU
		{24CE3C36-16B9-426D-AA0C-5961ECF8D88C}.Release|iPhone.ActiveCfg = Release|Any CPU
		{24CE3C36-16B9-426D-AA0C-5961ECF8D88C}.Release|iPhone.Build.0 = Release|Any CPU
		{24CE3C36-16B9-426D-AA0C-5961ECF8D88C}.Release|iPhone.Deploy.0 = Release|Any CPU
		{24CE3C36-16B9-426D-AA0C-5961ECF8D88C}.Release|iPhoneSimulator.ActiveCfg = Release|Any CPU
		{24CE3C36-16B9-426D-AA0C-5961ECF8D88C}.Release|iPhoneSimulator.Build.0 = Release|Any CPU
		{24CE3C36-16B9-426D-AA0C-5961ECF8D88C}.Release|iPhoneSimulator.Deploy.0 = Release|Any CPU
		{24CE3C36-16B9-426D-AA0C-5961ECF8D88C}.Release|x64.ActiveCfg = Release|Any CPU
		{24CE3C36-16B9-426D-AA0C-5961ECF8D88C}.Release|x64.Build.0 = Release|Any CPU
		{24CE3C36-16B9-426D-AA0C-5961ECF8D88C}.Release|x64.Deploy.0 = Release|Any CPU
		{24CE3C36-16B9-426D-AA0C-5961ECF8D88C}.Release|x86.ActiveCfg = Release|Any CPU
		{24CE3C36-16B9-426D-AA0C-5961ECF8D88C}.Release|x86.Build.0 = Release|Any CPU
		{24CE3C36-16B9-426D-AA0C-5961ECF8D88C}.Release|x86.Deploy.0 = Release|Any CPU
		{0ACD2FE5-5F6C-4572-B9D3-F4D8CABC8C98}.Debug|Any CPU.ActiveCfg = Debug|iPhoneSimulator
		{0ACD2FE5-5F6C-4572-B9D3-F4D8CABC8C98}.Debug|Any CPU.Build.0 = Debug|iPhoneSimulator
		{0ACD2FE5-5F6C-4572-B9D3-F4D8CABC8C98}.Debug|Any CPU.Deploy.0 = Debug|iPhoneSimulator
		{0ACD2FE5-5F6C-4572-B9D3-F4D8CABC8C98}.Debug|ARM.ActiveCfg = Debug|iPhone
		{0ACD2FE5-5F6C-4572-B9D3-F4D8CABC8C98}.Debug|ARM.Build.0 = Debug|iPhone
		{0ACD2FE5-5F6C-4572-B9D3-F4D8CABC8C98}.Debug|ARM.Deploy.0 = Debug|iPhone
		{0ACD2FE5-5F6C-4572-B9D3-F4D8CABC8C98}.Debug|iPhone.ActiveCfg = Debug|iPhone
		{0ACD2FE5-5F6C-4572-B9D3-F4D8CABC8C98}.Debug|iPhone.Build.0 = Debug|iPhone
		{0ACD2FE5-5F6C-4572-B9D3-F4D8CABC8C98}.Debug|iPhone.Deploy.0 = Debug|iPhone
		{0ACD2FE5-5F6C-4572-B9D3-F4D8CABC8C98}.Debug|iPhoneSimulator.ActiveCfg = Debug|iPhoneSimulator
		{0ACD2FE5-5F6C-4572-B9D3-F4D8CABC8C98}.Debug|iPhoneSimulator.Build.0 = Debug|iPhoneSimulator
		{0ACD2FE5-5F6C-4572-B9D3-F4D8CABC8C98}.Debug|iPhoneSimulator.Deploy.0 = Debug|iPhoneSimulator
		{0ACD2FE5-5F6C-4572-B9D3-F4D8CABC8C98}.Debug|x64.ActiveCfg = Debug|iPhone
		{0ACD2FE5-5F6C-4572-B9D3-F4D8CABC8C98}.Debug|x64.Build.0 = Debug|iPhone
		{0ACD2FE5-5F6C-4572-B9D3-F4D8CABC8C98}.Debug|x64.Deploy.0 = Debug|iPhone
		{0ACD2FE5-5F6C-4572-B9D3-F4D8CABC8C98}.Debug|x86.ActiveCfg = Debug|iPhone
		{0ACD2FE5-5F6C-4572-B9D3-F4D8CABC8C98}.Debug|x86.Build.0 = Debug|iPhone
		{0ACD2FE5-5F6C-4572-B9D3-F4D8CABC8C98}.Debug|x86.Deploy.0 = Debug|iPhone
		{0ACD2FE5-5F6C-4572-B9D3-F4D8CABC8C98}.Release|Any CPU.ActiveCfg = Release|iPhone
		{0ACD2FE5-5F6C-4572-B9D3-F4D8CABC8C98}.Release|Any CPU.Build.0 = Release|iPhone
		{0ACD2FE5-5F6C-4572-B9D3-F4D8CABC8C98}.Release|Any CPU.Deploy.0 = Release|iPhone
		{0ACD2FE5-5F6C-4572-B9D3-F4D8CABC8C98}.Release|ARM.ActiveCfg = Release|iPhone
		{0ACD2FE5-5F6C-4572-B9D3-F4D8CABC8C98}.Release|ARM.Build.0 = Release|iPhone
		{0ACD2FE5-5F6C-4572-B9D3-F4D8CABC8C98}.Release|ARM.Deploy.0 = Release|iPhone
		{0ACD2FE5-5F6C-4572-B9D3-F4D8CABC8C98}.Release|iPhone.ActiveCfg = Release|iPhone
		{0ACD2FE5-5F6C-4572-B9D3-F4D8CABC8C98}.Release|iPhone.Build.0 = Release|iPhone
		{0ACD2FE5-5F6C-4572-B9D3-F4D8CABC8C98}.Release|iPhone.Deploy.0 = Release|iPhone
		{0ACD2FE5-5F6C-4572-B9D3-F4D8CABC8C98}.Release|iPhoneSimulator.ActiveCfg = Release|iPhoneSimulator
		{0ACD2FE5-5F6C-4572-B9D3-F4D8CABC8C98}.Release|iPhoneSimulator.Build.0 = Release|iPhoneSimulator
		{0ACD2FE5-5F6C-4572-B9D3-F4D8CABC8C98}.Release|iPhoneSimulator.Deploy.0 = Release|iPhoneSimulator
		{0ACD2FE5-5F6C-4572-B9D3-F4D8CABC8C98}.Release|x64.ActiveCfg = Release|iPhone
		{0ACD2FE5-5F6C-4572-B9D3-F4D8CABC8C98}.Release|x64.Build.0 = Release|iPhone
		{0ACD2FE5-5F6C-4572-B9D3-F4D8CABC8C98}.Release|x64.Deploy.0 = Release|iPhone
		{0ACD2FE5-5F6C-4572-B9D3-F4D8CABC8C98}.Release|x86.ActiveCfg = Release|iPhone
		{0ACD2FE5-5F6C-4572-B9D3-F4D8CABC8C98}.Release|x86.Build.0 = Release|iPhone
		{0ACD2FE5-5F6C-4572-B9D3-F4D8CABC8C98}.Release|x86.Deploy.0 = Release|iPhone
		{6BF8C8BA-3D31-472B-851A-B2F488620D66}.Debug|Any CPU.ActiveCfg = Debug|x86
		{6BF8C8BA-3D31-472B-851A-B2F488620D66}.Debug|Any CPU.Build.0 = Debug|x86
		{6BF8C8BA-3D31-472B-851A-B2F488620D66}.Debug|Any CPU.Deploy.0 = Debug|x86
		{6BF8C8BA-3D31-472B-851A-B2F488620D66}.Debug|ARM.ActiveCfg = Debug|ARM
		{6BF8C8BA-3D31-472B-851A-B2F488620D66}.Debug|ARM.Build.0 = Debug|ARM
		{6BF8C8BA-3D31-472B-851A-B2F488620D66}.Debug|ARM.Deploy.0 = Debug|ARM
		{6BF8C8BA-3D31-472B-851A-B2F488620D66}.Debug|iPhone.ActiveCfg = Debug|x86
		{6BF8C8BA-3D31-472B-851A-B2F488620D66}.Debug|iPhone.Build.0 = Debug|x86
		{6BF8C8BA-3D31-472B-851A-B2F488620D66}.Debug|iPhone.Deploy.0 = Debug|x86
		{6BF8C8BA-3D31-472B-851A-B2F488620D66}.Debug|iPhoneSimulator.ActiveCfg = Debug|x86
		{6BF8C8BA-3D31-472B-851A-B2F488620D66}.Debug|iPhoneSimulator.Build.0 = Debug|x86
		{6BF8C8BA-3D31-472B-851A-B2F488620D66}.Debug|iPhoneSimulator.Deploy.0 = Debug|x86
		{6BF8C8BA-3D31-472B-851A-B2F488620D66}.Debug|x64.ActiveCfg = Debug|x64
		{6BF8C8BA-3D31-472B-851A-B2F488620D66}.Debug|x64.Build.0 = Debug|x64
		{6BF8C8BA-3D31-472B-851A-B2F488620D66}.Debug|x64.Deploy.0 = Debug|x64
		{6BF8C8BA-3D31-472B-851A-B2F488620D66}.Debug|x86.ActiveCfg = Debug|x86
		{6BF8C8BA-3D31-472B-851A-B2F488620D66}.Debug|x86.Build.0 = Debug|x86
		{6BF8C8BA-3D31-472B-851A-B2F488620D66}.Debug|x86.Deploy.0 = Debug|x86
		{6BF8C8BA-3D31-472B-851A-B2F488620D66}.Release|Any CPU.ActiveCfg = Release|x86
		{6BF8C8BA-3D31-472B-851A-B2F488620D66}.Release|Any CPU.Build.0 = Release|x86
		{6BF8C8BA-3D31-472B-851A-B2F488620D66}.Release|Any CPU.Deploy.0 = Release|x86
		{6BF8C8BA-3D31-472B-851A-B2F488620D66}.Release|ARM.ActiveCfg = Release|ARM
		{6BF8C8BA-3D31-472B-851A-B2F488620D66}.Release|ARM.Build.0 = Release|ARM
		{6BF8C8BA-3D31-472B-851A-B2F488620D66}.Release|ARM.Deploy.0 = Release|ARM
		{6BF8C8BA-3D31-472B-851A-B2F488620D66}.Release|iPhone.ActiveCfg = Release|x86
		{6BF8C8BA-3D31-472B-851A-B2F488620D66}.Release|iPhone.Build.0 = Release|x86
		{6BF8C8BA-3D31-472B-851A-B2F488620D66}.Release|iPhone.Deploy.0 = Release|x86
		{6BF8C8BA-3D31-472B-851A-B2F488620D66}.Release|iPhoneSimulator.ActiveCfg = Release|x86
		{6BF8C8BA-3D31-472B-851A-B2F488620D66}.Release|iPhoneSimulator.Build.0 = Release|x86
		{6BF8C8BA-3D31-472B-851A-B2F488620D66}.Release|iPhoneSimulator.Deploy.0 = Release|x86
		{6BF8C8BA-3D31-472B-851A-B2F488620D66}.Release|x64.ActiveCfg = Release|x64
		{6BF8C8BA-3D31-472B-851A-B2F488620D66}.Release|x64.Build.0 = Release|x64
		{6BF8C8BA-3D31-472B-851A-B2F488620D66}.Release|x64.Deploy.0 = Release|x64
		{6BF8C8BA-3D31-472B-851A-B2F488620D66}.Release|x86.ActiveCfg = Release|x86
		{6BF8C8BA-3D31-472B-851A-B2F488620D66}.Release|x86.Build.0 = Release|x86
		{6BF8C8BA-3D31-472B-851A-B2F488620D66}.Release|x86.Deploy.0 = Release|x86
		{C4856D73-E94D-4613-9AA4-0E1A036A0DBB}.Debug|Any CPU.ActiveCfg = Debug|Any CPU
		{C4856D73-E94D-4613-9AA4-0E1A036A0DBB}.Debug|Any CPU.Build.0 = Debug|Any CPU
		{C4856D73-E94D-4613-9AA4-0E1A036A0DBB}.Debug|Any CPU.Deploy.0 = Debug|Any CPU
		{C4856D73-E94D-4613-9AA4-0E1A036A0DBB}.Debug|ARM.ActiveCfg = Debug|Any CPU
		{C4856D73-E94D-4613-9AA4-0E1A036A0DBB}.Debug|ARM.Build.0 = Debug|Any CPU
		{C4856D73-E94D-4613-9AA4-0E1A036A0DBB}.Debug|ARM.Deploy.0 = Debug|Any CPU
		{C4856D73-E94D-4613-9AA4-0E1A036A0DBB}.Debug|iPhone.ActiveCfg = Debug|Any CPU
		{C4856D73-E94D-4613-9AA4-0E1A036A0DBB}.Debug|iPhone.Build.0 = Debug|Any CPU
		{C4856D73-E94D-4613-9AA4-0E1A036A0DBB}.Debug|iPhone.Deploy.0 = Debug|Any CPU
		{C4856D73-E94D-4613-9AA4-0E1A036A0DBB}.Debug|iPhoneSimulator.ActiveCfg = Debug|Any CPU
		{C4856D73-E94D-4613-9AA4-0E1A036A0DBB}.Debug|iPhoneSimulator.Build.0 = Debug|Any CPU
		{C4856D73-E94D-4613-9AA4-0E1A036A0DBB}.Debug|iPhoneSimulator.Deploy.0 = Debug|Any CPU
		{C4856D73-E94D-4613-9AA4-0E1A036A0DBB}.Debug|x64.ActiveCfg = Debug|Any CPU
		{C4856D73-E94D-4613-9AA4-0E1A036A0DBB}.Debug|x64.Build.0 = Debug|Any CPU
		{C4856D73-E94D-4613-9AA4-0E1A036A0DBB}.Debug|x64.Deploy.0 = Debug|Any CPU
		{C4856D73-E94D-4613-9AA4-0E1A036A0DBB}.Debug|x86.ActiveCfg = Debug|Any CPU
		{C4856D73-E94D-4613-9AA4-0E1A036A0DBB}.Debug|x86.Build.0 = Debug|Any CPU
		{C4856D73-E94D-4613-9AA4-0E1A036A0DBB}.Debug|x86.Deploy.0 = Debug|Any CPU
		{C4856D73-E94D-4613-9AA4-0E1A036A0DBB}.Release|Any CPU.ActiveCfg = Release|Any CPU
		{C4856D73-E94D-4613-9AA4-0E1A036A0DBB}.Release|Any CPU.Build.0 = Release|Any CPU
		{C4856D73-E94D-4613-9AA4-0E1A036A0DBB}.Release|Any CPU.Deploy.0 = Release|Any CPU
		{C4856D73-E94D-4613-9AA4-0E1A036A0DBB}.Release|ARM.ActiveCfg = Release|Any CPU
		{C4856D73-E94D-4613-9AA4-0E1A036A0DBB}.Release|ARM.Build.0 = Release|Any CPU
		{C4856D73-E94D-4613-9AA4-0E1A036A0DBB}.Release|ARM.Deploy.0 = Release|Any CPU
		{C4856D73-E94D-4613-9AA4-0E1A036A0DBB}.Release|iPhone.ActiveCfg = Release|Any CPU
		{C4856D73-E94D-4613-9AA4-0E1A036A0DBB}.Release|iPhone.Build.0 = Release|Any CPU
		{C4856D73-E94D-4613-9AA4-0E1A036A0DBB}.Release|iPhone.Deploy.0 = Release|Any CPU
		{C4856D73-E94D-4613-9AA4-0E1A036A0DBB}.Release|iPhoneSimulator.ActiveCfg = Release|Any CPU
		{C4856D73-E94D-4613-9AA4-0E1A036A0DBB}.Release|iPhoneSimulator.Build.0 = Release|Any CPU
		{C4856D73-E94D-4613-9AA4-0E1A036A0DBB}.Release|iPhoneSimulator.Deploy.0 = Release|Any CPU
		{C4856D73-E94D-4613-9AA4-0E1A036A0DBB}.Release|x64.ActiveCfg = Release|Any CPU
		{C4856D73-E94D-4613-9AA4-0E1A036A0DBB}.Release|x64.Build.0 = Release|Any CPU
		{C4856D73-E94D-4613-9AA4-0E1A036A0DBB}.Release|x64.Deploy.0 = Release|Any CPU
		{C4856D73-E94D-4613-9AA4-0E1A036A0DBB}.Release|x86.ActiveCfg = Release|Any CPU
		{C4856D73-E94D-4613-9AA4-0E1A036A0DBB}.Release|x86.Build.0 = Release|Any CPU
		{C4856D73-E94D-4613-9AA4-0E1A036A0DBB}.Release|x86.Deploy.0 = Release|Any CPU
		{FDEF1B5B-EBC7-4F53-A7E7-7E649B4BF4EA}.Debug|Any CPU.ActiveCfg = Debug|Any CPU
		{FDEF1B5B-EBC7-4F53-A7E7-7E649B4BF4EA}.Debug|Any CPU.Build.0 = Debug|Any CPU
		{FDEF1B5B-EBC7-4F53-A7E7-7E649B4BF4EA}.Debug|ARM.ActiveCfg = Debug|Any CPU
		{FDEF1B5B-EBC7-4F53-A7E7-7E649B4BF4EA}.Debug|ARM.Build.0 = Debug|Any CPU
		{FDEF1B5B-EBC7-4F53-A7E7-7E649B4BF4EA}.Debug|iPhone.ActiveCfg = Debug|Any CPU
		{FDEF1B5B-EBC7-4F53-A7E7-7E649B4BF4EA}.Debug|iPhone.Build.0 = Debug|Any CPU
		{FDEF1B5B-EBC7-4F53-A7E7-7E649B4BF4EA}.Debug|iPhoneSimulator.ActiveCfg = Debug|Any CPU
		{FDEF1B5B-EBC7-4F53-A7E7-7E649B4BF4EA}.Debug|iPhoneSimulator.Build.0 = Debug|Any CPU
		{FDEF1B5B-EBC7-4F53-A7E7-7E649B4BF4EA}.Debug|x64.ActiveCfg = Debug|Any CPU
		{FDEF1B5B-EBC7-4F53-A7E7-7E649B4BF4EA}.Debug|x64.Build.0 = Debug|Any CPU
		{FDEF1B5B-EBC7-4F53-A7E7-7E649B4BF4EA}.Debug|x86.ActiveCfg = Debug|Any CPU
		{FDEF1B5B-EBC7-4F53-A7E7-7E649B4BF4EA}.Debug|x86.Build.0 = Debug|Any CPU
		{FDEF1B5B-EBC7-4F53-A7E7-7E649B4BF4EA}.Release|Any CPU.ActiveCfg = Release|Any CPU
		{FDEF1B5B-EBC7-4F53-A7E7-7E649B4BF4EA}.Release|Any CPU.Build.0 = Release|Any CPU
		{FDEF1B5B-EBC7-4F53-A7E7-7E649B4BF4EA}.Release|ARM.ActiveCfg = Release|Any CPU
		{FDEF1B5B-EBC7-4F53-A7E7-7E649B4BF4EA}.Release|ARM.Build.0 = Release|Any CPU
		{FDEF1B5B-EBC7-4F53-A7E7-7E649B4BF4EA}.Release|iPhone.ActiveCfg = Release|Any CPU
		{FDEF1B5B-EBC7-4F53-A7E7-7E649B4BF4EA}.Release|iPhone.Build.0 = Release|Any CPU
		{FDEF1B5B-EBC7-4F53-A7E7-7E649B4BF4EA}.Release|iPhoneSimulator.ActiveCfg = Release|Any CPU
		{FDEF1B5B-EBC7-4F53-A7E7-7E649B4BF4EA}.Release|iPhoneSimulator.Build.0 = Release|Any CPU
		{FDEF1B5B-EBC7-4F53-A7E7-7E649B4BF4EA}.Release|x64.ActiveCfg = Release|Any CPU
		{FDEF1B5B-EBC7-4F53-A7E7-7E649B4BF4EA}.Release|x64.Build.0 = Release|Any CPU
		{FDEF1B5B-EBC7-4F53-A7E7-7E649B4BF4EA}.Release|x86.ActiveCfg = Release|Any CPU
		{FDEF1B5B-EBC7-4F53-A7E7-7E649B4BF4EA}.Release|x86.Build.0 = Release|Any CPU
	EndGlobalSection
	GlobalSection(SolutionProperties) = preSolution
		HideSolutionNode = FALSE
	EndGlobalSection
	GlobalSection(ExtensibilityGlobals) = postSolution
		SolutionGuid = {B7FF3BD7-4D0A-499A-9BD8-99C33469F8C0}
	EndGlobalSection
EndGlobal
